
Microsoft Visual Studio Solution File, Format Version 12.00
# Visual Studio Version 17
VisualStudioVersion = 17.0.31903.59
MinimumVisualStudioVersion = 10.0.40219.1
Project("{2150E333-8FDC-42A3-9474-1A3956D46DE8}") = "src", "src", "{2AFA6BD0-37B9-43AB-91F6-4F2904D5DDDB}"
EndProject
Project("{FAE04EC0-301F-11D3-BF4B-00C04F79EFBC}") = "GatherGrove.API", "src\GatherGrove.API\GatherGrove.API.csproj", "{84476655-2195-4BB5-8392-8F2A1AFA0E42}"
EndProject
Project("{FAE04EC0-301F-11D3-BF4B-00C04F79EFBC}") = "GatherGrove.Application", "src\GatherGrove.Application\GatherGrove.Application.csproj", "{D67D79E0-889F-4D31-9168-615E1F9FD185}"
EndProject
Project("{FAE04EC0-301F-11D3-BF4B-00C04F79EFBC}") = "GatherGrove.Domain", "src\GatherGrove.Domain\GatherGrove.Domain.csproj", "{0D6C84BD-FD4D-41C8-93AE-882F10582C10}"
EndProject
Project("{FAE04EC0-301F-11D3-BF4B-00C04F79EFBC}") = "GatherGrove.Infrastructure", "src\GatherGrove.Infrastructure\GatherGrove.Infrastructure.csproj", "{503838DB-E1B1-4CED-B7E9-BC48F9198B85}"
EndProject
Project("{2150E333-8FDC-42A3-9474-1A3956D46DE8}") = "tests", "tests", "{D7FD2476-6134-4FF5-8447-5A7F26ADC78A}"
EndProject
Project("{FAE04EC0-301F-11D3-BF4B-00C04F79EFBC}") = "GatherGrove.Application.Tests", "tests\GatherGrove.Application.Tests\GatherGrove.Application.Tests.csproj", "{4DABC1BA-ADBD-4B5B-A2B5-BA41F04BE628}"
EndProject
Project("{FAE04EC0-301F-11D3-BF4B-00C04F79EFBC}") = "GatherGrove.API.Tests", "tests\GatherGrove.API.Tests\GatherGrove.API.Tests.csproj", "{F9529CE3-9C96-4DCD-9D26-8A3AE9B03D6E}"
EndProject
Project("{FAE04EC0-301F-11D3-BF4B-00C04F79EFBC}") = "GatherGrove.Integration.Tests", "tests\GatherGrove.Integration.Tests\GatherGrove.Integration.Tests.csproj", "{CF18D918-E53D-4115-ACBF-BCBFF58C7F87}"
EndProject
Project("{FAE04EC0-301F-11D3-BF4B-00C04F79EFBC}") = "GatherGrove.Infrastructure.Tests", "tests\GatherGrove.Infrastructure.Tests\GatherGrove.Infrastructure.Tests.csproj", "{5E951B77-E4E3-46DE-AD90-47C0E6E20889}"
EndProject
Global
	GlobalSection(SolutionConfigurationPlatforms) = preSolution
		Debug|Any CPU = Debug|Any CPU
		Debug|x64 = Debug|x64
		Debug|x86 = Debug|x86
		Release|Any CPU = Release|Any CPU
		Release|x64 = Release|x64
		Release|x86 = Release|x86
	EndGlobalSection
	GlobalSection(ProjectConfigurationPlatforms) = postSolution
		{84476655-2195-4BB5-8392-8F2A1AFA0E42}.Debug|Any CPU.ActiveCfg = Debug|Any CPU
		{84476655-2195-4BB5-8392-8F2A1AFA0E42}.Debug|Any CPU.Build.0 = Debug|Any CPU
		{84476655-2195-4BB5-8392-8F2A1AFA0E42}.Debug|x64.ActiveCfg = Debug|Any CPU
		{84476655-2195-4BB5-8392-8F2A1AFA0E42}.Debug|x64.Build.0 = Debug|Any CPU
		{84476655-2195-4BB5-8392-8F2A1AFA0E42}.Debug|x86.ActiveCfg = Debug|Any CPU
		{84476655-2195-4BB5-8392-8F2A1AFA0E42}.Debug|x86.Build.0 = Debug|Any CPU
		{84476655-2195-4BB5-8392-8F2A1AFA0E42}.Release|Any CPU.ActiveCfg = Release|Any CPU
		{84476655-2195-4BB5-8392-8F2A1AFA0E42}.Release|Any CPU.Build.0 = Release|Any CPU
		{84476655-2195-4BB5-8392-8F2A1AFA0E42}.Release|x64.ActiveCfg = Release|Any CPU
		{84476655-2195-4BB5-8392-8F2A1AFA0E42}.Release|x64.Build.0 = Release|Any CPU
		{84476655-2195-4BB5-8392-8F2A1AFA0E42}.Release|x86.ActiveCfg = Release|Any CPU
		{84476655-2195-4BB5-8392-8F2A1AFA0E42}.Release|x86.Build.0 = Release|Any CPU
		{D67D79E0-889F-4D31-9168-615E1F9FD185}.Debug|Any CPU.ActiveCfg = Debug|Any CPU
		{D67D79E0-889F-4D31-9168-615E1F9FD185}.Debug|Any CPU.Build.0 = Debug|Any CPU
		{D67D79E0-889F-4D31-9168-615E1F9FD185}.Debug|x64.ActiveCfg = Debug|Any CPU
		{D67D79E0-889F-4D31-9168-615E1F9FD185}.Debug|x64.Build.0 = Debug|Any CPU
		{D67D79E0-889F-4D31-9168-615E1F9FD185}.Debug|x86.ActiveCfg = Debug|Any CPU
		{D67D79E0-889F-4D31-9168-615E1F9FD185}.Debug|x86.Build.0 = Debug|Any CPU
		{D67D79E0-889F-4D31-9168-615E1F9FD185}.Release|Any CPU.ActiveCfg = Release|Any CPU
		{D67D79E0-889F-4D31-9168-615E1F9FD185}.Release|Any CPU.Build.0 = Release|Any CPU
		{D67D79E0-889F-4D31-9168-615E1F9FD185}.Release|x64.ActiveCfg = Release|Any CPU
		{D67D79E0-889F-4D31-9168-615E1F9FD185}.Release|x64.Build.0 = Release|Any CPU
		{D67D79E0-889F-4D31-9168-615E1F9FD185}.Release|x86.ActiveCfg = Release|Any CPU
		{D67D79E0-889F-4D31-9168-615E1F9FD185}.Release|x86.Build.0 = Release|Any CPU
		{0D6C84BD-FD4D-41C8-93AE-882F10582C10}.Debug|Any CPU.ActiveCfg = Debug|Any CPU
		{0D6C84BD-FD4D-41C8-93AE-882F10582C10}.Debug|Any CPU.Build.0 = Debug|Any CPU
		{0D6C84BD-FD4D-41C8-93AE-882F10582C10}.Debug|x64.ActiveCfg = Debug|Any CPU
		{0D6C84BD-FD4D-41C8-93AE-882F10582C10}.Debug|x64.Build.0 = Debug|Any CPU
		{0D6C84BD-FD4D-41C8-93AE-882F10582C10}.Debug|x86.ActiveCfg = Debug|Any CPU
		{0D6C84BD-FD4D-41C8-93AE-882F10582C10}.Debug|x86.Build.0 = Debug|Any CPU
		{0D6C84BD-FD4D-41C8-93AE-882F10582C10}.Release|Any CPU.ActiveCfg = Release|Any CPU
		{0D6C84BD-FD4D-41C8-93AE-882F10582C10}.Release|Any CPU.Build.0 = Release|Any CPU
		{0D6C84BD-FD4D-41C8-93AE-882F10582C10}.Release|x64.ActiveCfg = Release|Any CPU
		{0D6C84BD-FD4D-41C8-93AE-882F10582C10}.Release|x64.Build.0 = Release|Any CPU
		{0D6C84BD-FD4D-41C8-93AE-882F10582C10}.Release|x86.ActiveCfg = Release|Any CPU
		{0D6C84BD-FD4D-41C8-93AE-882F10582C10}.Release|x86.Build.0 = Release|Any CPU
		{503838DB-E1B1-4CED-B7E9-BC48F9198B85}.Debug|Any CPU.ActiveCfg = Debug|Any CPU
		{503838DB-E1B1-4CED-B7E9-BC48F9198B85}.Debug|Any CPU.Build.0 = Debug|Any CPU
		{503838DB-E1B1-4CED-B7E9-BC48F9198B85}.Debug|x64.ActiveCfg = Debug|Any CPU
		{503838DB-E1B1-4CED-B7E9-BC48F9198B85}.Debug|x64.Build.0 = Debug|Any CPU
		{503838DB-E1B1-4CED-B7E9-BC48F9198B85}.Debug|x86.ActiveCfg = Debug|Any CPU
		{503838DB-E1B1-4CED-B7E9-BC48F9198B85}.Debug|x86.Build.0 = Debug|Any CPU
		{503838DB-E1B1-4CED-B7E9-BC48F9198B85}.Release|Any CPU.ActiveCfg = Release|Any CPU
		{503838DB-E1B1-4CED-B7E9-BC48F9198B85}.Release|Any CPU.Build.0 = Release|Any CPU
		{503838DB-E1B1-4CED-B7E9-BC48F9198B85}.Release|x64.ActiveCfg = Release|Any CPU
		{503838DB-E1B1-4CED-B7E9-BC48F9198B85}.Release|x64.Build.0 = Release|Any CPU
		{503838DB-E1B1-4CED-B7E9-BC48F9198B85}.Release|x86.ActiveCfg = Release|Any CPU
		{503838DB-E1B1-4CED-B7E9-BC48F9198B85}.Release|x86.Build.0 = Release|Any CPU
		{4DABC1BA-ADBD-4B5B-A2B5-BA41F04BE628}.Debug|Any CPU.ActiveCfg = Debug|Any CPU
		{4DABC1BA-ADBD-4B5B-A2B5-BA41F04BE628}.Debug|Any CPU.Build.0 = Debug|Any CPU
		{4DABC1BA-ADBD-4B5B-A2B5-BA41F04BE628}.Debug|x64.ActiveCfg = Debug|Any CPU
		{4DABC1BA-ADBD-4B5B-A2B5-BA41F04BE628}.Debug|x64.Build.0 = Debug|Any CPU
		{4DABC1BA-ADBD-4B5B-A2B5-BA41F04BE628}.Debug|x86.ActiveCfg = Debug|Any CPU
		{4DABC1BA-ADBD-4B5B-A2B5-BA41F04BE628}.Debug|x86.Build.0 = Debug|Any CPU
		{4DABC1BA-ADBD-4B5B-A2B5-BA41F04BE628}.Release|Any CPU.ActiveCfg = Release|Any CPU
		{4DABC1BA-ADBD-4B5B-A2B5-BA41F04BE628}.Release|Any CPU.Build.0 = Release|Any CPU
		{4DABC1BA-ADBD-4B5B-A2B5-BA41F04BE628}.Release|x64.ActiveCfg = Release|Any CPU
		{4DABC1BA-ADBD-4B5B-A2B5-BA41F04BE628}.Release|x64.Build.0 = Release|Any CPU
		{4DABC1BA-ADBD-4B5B-A2B5-BA41F04BE628}.Release|x86.ActiveCfg = Release|Any CPU
		{4DABC1BA-ADBD-4B5B-A2B5-BA41F04BE628}.Release|x86.Build.0 = Release|Any CPU
		{F9529CE3-9C96-4DCD-9D26-8A3AE9B03D6E}.Debug|Any CPU.ActiveCfg = Debug|Any CPU
		{F9529CE3-9C96-4DCD-9D26-8A3AE9B03D6E}.Debug|Any CPU.Build.0 = Debug|Any CPU
		{F9529CE3-9C96-4DCD-9D26-8A3AE9B03D6E}.Debug|x64.ActiveCfg = Debug|Any CPU
		{F9529CE3-9C96-4DCD-9D26-8A3AE9B03D6E}.Debug|x64.Build.0 = Debug|Any CPU
		{F9529CE3-9C96-4DCD-9D26-8A3AE9B03D6E}.Debug|x86.ActiveCfg = Debug|Any CPU
		{F9529CE3-9C96-4DCD-9D26-8A3AE9B03D6E}.Debug|x86.Build.0 = Debug|Any CPU
		{F9529CE3-9C96-4DCD-9D26-8A3AE9B03D6E}.Release|Any CPU.ActiveCfg = Release|Any CPU
		{F9529CE3-9C96-4DCD-9D26-8A3AE9B03D6E}.Release|Any CPU.Build.0 = Release|Any CPU
		{F9529CE3-9C96-4DCD-9D26-8A3AE9B03D6E}.Release|x64.ActiveCfg = Release|Any CPU
		{F9529CE3-9C96-4DCD-9D26-8A3AE9B03D6E}.Release|x64.Build.0 = Release|Any CPU
		{F9529CE3-9C96-4DCD-9D26-8A3AE9B03D6E}.Release|x86.ActiveCfg = Release|Any CPU
		{F9529CE3-9C96-4DCD-9D26-8A3AE9B03D6E}.Release|x86.Build.0 = Release|Any CPU
		{CF18D918-E53D-4115-ACBF-BCBFF58C7F87}.Debug|Any CPU.ActiveCfg = Debug|Any CPU
		{CF18D918-E53D-4115-ACBF-BCBFF58C7F87}.Debug|Any CPU.Build.0 = Debug|Any CPU
		{CF18D918-E53D-4115-ACBF-BCBFF58C7F87}.Debug|x64.ActiveCfg = Debug|Any CPU
		{CF18D918-E53D-4115-ACBF-BCBFF58C7F87}.Debug|x64.Build.0 = Debug|Any CPU
		{CF18D918-E53D-4115-ACBF-BCBFF58C7F87}.Debug|x86.ActiveCfg = Debug|Any CPU
		{CF18D918-E53D-4115-ACBF-BCBFF58C7F87}.Debug|x86.Build.0 = Debug|Any CPU
		{CF18D918-E53D-4115-ACBF-BCBFF58C7F87}.Release|Any CPU.ActiveCfg = Release|Any CPU
		{CF18D918-E53D-4115-ACBF-BCBFF58C7F87}.Release|Any CPU.Build.0 = Release|Any CPU
		{CF18D918-E53D-4115-ACBF-BCBFF58C7F87}.Release|x64.ActiveCfg = Release|Any CPU
		{CF18D918-E53D-4115-ACBF-BCBFF58C7F87}.Release|x64.Build.0 = Release|Any CPU
		{CF18D918-E53D-4115-ACBF-BCBFF58C7F87}.Release|x86.ActiveCfg = Release|Any CPU
		{CF18D918-E53D-4115-ACBF-BCBFF58C7F87}.Release|x86.Build.0 = Release|Any CPU
		{5E951B77-E4E3-46DE-AD90-47C0E6E20889}.Debug|Any CPU.ActiveCfg = Debug|Any CPU
		{5E951B77-E4E3-46DE-AD90-47C0E6E20889}.Debug|Any CPU.Build.0 = Debug|Any CPU
		{5E951B77-E4E3-46DE-AD90-47C0E6E20889}.Debug|x64.ActiveCfg = Debug|Any CPU
		{5E951B77-E4E3-46DE-AD90-47C0E6E20889}.Debug|x64.Build.0 = Debug|Any CPU
		{5E951B77-E4E3-46DE-AD90-47C0E6E20889}.Debug|x86.ActiveCfg = Debug|Any CPU
		{5E951B77-E4E3-46DE-AD90-47C0E6E20889}.Debug|x86.Build.0 = Debug|Any CPU
		{5E951B77-E4E3-46DE-AD90-47C0E6E20889}.Release|Any CPU.ActiveCfg = Release|Any CPU
		{5E951B77-E4E3-46DE-AD90-47C0E6E20889}.Release|Any CPU.Build.0 = Release|Any CPU
		{5E951B77-E4E3-46DE-AD90-47C0E6E20889}.Release|x64.ActiveCfg = Release|Any CPU
		{5E951B77-E4E3-46DE-AD90-47C0E6E20889}.Release|x64.Build.0 = Release|Any CPU
		{5E951B77-E4E3-46DE-AD90-47C0E6E20889}.Release|x86.ActiveCfg = Release|Any CPU
		{5E951B77-E4E3-46DE-AD90-47C0E6E20889}.Release|x86.Build.0 = Release|Any CPU
	EndGlobalSection
	GlobalSection(SolutionProperties) = preSolution
		HideSolutionNode = FALSE
	EndGlobalSection
	GlobalSection(NestedProjects) = preSolution
		{84476655-2195-4BB5-8392-8F2A1AFA0E42} = {2AFA6BD0-37B9-43AB-91F6-4F2904D5DDDB}
		{D67D79E0-889F-4D31-9168-615E1F9FD185} = {2AFA6BD0-37B9-43AB-91F6-4F2904D5DDDB}
		{0D6C84BD-FD4D-41C8-93AE-882F10582C10} = {2AFA6BD0-37B9-43AB-91F6-4F2904D5DDDB}
		{503838DB-E1B1-4CED-B7E9-BC48F9198B85} = {2AFA6BD0-37B9-43AB-91F6-4F2904D5DDDB}
		{4DABC1BA-ADBD-4B5B-A2B5-BA41F04BE628} = {D7FD2476-6134-4FF5-8447-5A7F26ADC78A}
		{F9529CE3-9C96-4DCD-9D26-8A3AE9B03D6E} = {D7FD2476-6134-4FF5-8447-5A7F26ADC78A}
		{CF18D918-E53D-4115-ACBF-BCBFF58C7F87} = {D7FD2476-6134-4FF5-8447-5A7F26ADC78A}
		{5E951B77-E4E3-46DE-AD90-47C0E6E20889} = {D7FD2476-6134-4FF5-8447-5A7F26ADC78A}
	EndGlobalSection
EndGlobal
